
Microsoft Visual Studio Solution File, Format Version 12.00
# Visual Studio Version 17
VisualStudioVersion = 17.13.35617.110 d17.13
MinimumVisualStudioVersion = 10.0.40219.1
Project("{2150E333-8FDC-42A3-9474-1A3956D46DE8}") = "MusicEShop", "MusicEShop", "{02EA681E-C7D8-13C7-8484-4AC65E1B71E8}"
EndProject
Project("{FAE04EC0-301F-11D3-BF4B-00C04F79EFBC}") = "MusicEShop.Web", "MusicEShop.Web\MusicEShop.Web.csproj", "{BAB27FFE-1C3C-4445-8647-05EEFA2E57D4}"
EndProject
Project("{FAE04EC0-301F-11D3-BF4B-00C04F79EFBC}") = "MusicEShop.Domain", "MusicEShop.Domain\MusicEShop.Domain.csproj", "{08166BC3-3D02-42EC-9D44-369963142EA0}"
EndProject
Project("{FAE04EC0-301F-11D3-BF4B-00C04F79EFBC}") = "MusicEShop.Repository", "MusicEShop.Repository\MusicEShop.Repository.csproj", "{4DBC561C-97C2-43EF-B373-BA83DDAB6E73}"
EndProject
Project("{FAE04EC0-301F-11D3-BF4B-00C04F79EFBC}") = "MusicEShop.Service", "MusicEShop.Service\MusicEShop.Service.csproj", "{CAC8BB6B-09B7-4478-85E8-461DEEB0D15B}"
EndProject
Global
	GlobalSection(SolutionConfigurationPlatforms) = preSolution
		Debug|Any CPU = Debug|Any CPU
		Release|Any CPU = Release|Any CPU
	EndGlobalSection
	GlobalSection(ProjectConfigurationPlatforms) = postSolution
		{BAB27FFE-1C3C-4445-8647-05EEFA2E57D4}.Debug|Any CPU.ActiveCfg = Debug|Any CPU
		{BAB27FFE-1C3C-4445-8647-05EEFA2E57D4}.Debug|Any CPU.Build.0 = Debug|Any CPU
		{BAB27FFE-1C3C-4445-8647-05EEFA2E57D4}.Release|Any CPU.ActiveCfg = Release|Any CPU
		{BAB27FFE-1C3C-4445-8647-05EEFA2E57D4}.Release|Any CPU.Build.0 = Release|Any CPU
		{08166BC3-3D02-42EC-9D44-369963142EA0}.Debug|Any CPU.ActiveCfg = Debug|Any CPU
		{08166BC3-3D02-42EC-9D44-369963142EA0}.Debug|Any CPU.Build.0 = Debug|Any CPU
		{08166BC3-3D02-42EC-9D44-369963142EA0}.Release|Any CPU.ActiveCfg = Release|Any CPU
		{08166BC3-3D02-42EC-9D44-369963142EA0}.Release|Any CPU.Build.0 = Release|Any CPU
		{4DBC561C-97C2-43EF-B373-BA83DDAB6E73}.Debug|Any CPU.ActiveCfg = Debug|Any CPU
		{4DBC561C-97C2-43EF-B373-BA83DDAB6E73}.Debug|Any CPU.Build.0 = Debug|Any CPU
		{4DBC561C-97C2-43EF-B373-BA83DDAB6E73}.Release|Any CPU.ActiveCfg = Release|Any CPU
		{4DBC561C-97C2-43EF-B373-BA83DDAB6E73}.Release|Any CPU.Build.0 = Release|Any CPU
		{CAC8BB6B-09B7-4478-85E8-461DEEB0D15B}.Debug|Any CPU.ActiveCfg = Debug|Any CPU
		{CAC8BB6B-09B7-4478-85E8-461DEEB0D15B}.Debug|Any CPU.Build.0 = Debug|Any CPU
		{CAC8BB6B-09B7-4478-85E8-461DEEB0D15B}.Release|Any CPU.ActiveCfg = Release|Any CPU
		{CAC8BB6B-09B7-4478-85E8-461DEEB0D15B}.Release|Any CPU.Build.0 = Release|Any CPU
	EndGlobalSection
	GlobalSection(SolutionProperties) = preSolution
		HideSolutionNode = FALSE
	EndGlobalSection
	GlobalSection(NestedProjects) = preSolution
		{BAB27FFE-1C3C-4445-8647-05EEFA2E57D4} = {02EA681E-C7D8-13C7-8484-4AC65E1B71E8}
		{08166BC3-3D02-42EC-9D44-369963142EA0} = {02EA681E-C7D8-13C7-8484-4AC65E1B71E8}
		{4DBC561C-97C2-43EF-B373-BA83DDAB6E73} = {02EA681E-C7D8-13C7-8484-4AC65E1B71E8}
		{CAC8BB6B-09B7-4478-85E8-461DEEB0D15B} = {02EA681E-C7D8-13C7-8484-4AC65E1B71E8}
	EndGlobalSection
	GlobalSection(ExtensibilityGlobals) = postSolution
		SolutionGuid = {D6FA2E7B-3BF8-4603-88F1-F905E2192ED5}
	EndGlobalSection
EndGlobal
